<?xml version="1.0" encoding="utf-8"?>
<Project ToolsVersion="4.0" xmlns="http://schemas.microsoft.com/developer/msbuild/2003">
  <ItemGroup>
    <Filter Include="Standart Files">
      <UniqueIdentifier>{4FC737F1-C7A5-4376-A066-2A32D752A2FF}</UniqueIdentifier>
      <Extensions>cpp;c;cc;cxx;def;odl;idl;hpj;bat;asm;asmx</Extensions>
    </Filter>
    <Filter Include="Utilities">
      <UniqueIdentifier>{d85edf03-98fb-4a02-ac18-7f9f46475ada}</UniqueIdentifier>
    </Filter>
    <Filter Include="FTDI">
      <UniqueIdentifier>{c8cf57ea-eff6-48e9-bec2-3a5e2cd7d86e}</UniqueIdentifier>
    </Filter>
  </ItemGroup>
  <ItemGroup>
    <ClInclude Include="stdafx.h">
      <Filter>Standart Files</Filter>
    </ClInclude>
    <ClInclude Include="targetver.h">
      <Filter>Standart Files</Filter>
    </ClInclude>
    <ClInclude Include="ForTest.h" />
  </ItemGroup>
  <ItemGroup>
    <ClCompile Include="stdafx.cpp">
      <Filter>Standart Files</Filter>
    </ClCompile>
    <ClCompile Include="main.cpp" />
  </ItemGroup>
</Project>